
Microsoft Visual Studio Solution File, Format Version 12.00
# Visual Studio Version 17
VisualStudioVersion = 17.0.31903.59
MinimumVisualStudioVersion = 10.0.40219.1
Project("{2150E333-8FDC-42A3-9474-1A3956D46DE8}") = "src", "src", "{827E0CD3-B72D-47B6-A68D-7590B98EB39B}"
EndProject
Project("{FAE04EC0-301F-11D3-BF4B-00C04F79EFBC}") = "MeetingEvidenceRecorder.Core", "src\MeetingEvidenceRecorder.Core\MeetingEvidenceRecorder.Core.csproj", "{0C3C7051-8A8E-4F48-A598-F484FC1D3320}"
EndProject
Project("{FAE04EC0-301F-11D3-BF4B-00C04F79EFBC}") = "MeetingEvidenceRecorder.Infrastructure", "src\MeetingEvidenceRecorder.Infrastructure\MeetingEvidenceRecorder.Infrastructure.csproj", "{46693952-84C3-43A9-BE96-4C8A2D30B87F}"
EndProject
Project("{2150E333-8FDC-42A3-9474-1A3956D46DE8}") = "tests", "tests", "{0AB3BF05-4346-4AA6-1389-037BE0695223}"
EndProject
Project("{FAE04EC0-301F-11D3-BF4B-00C04F79EFBC}") = "MeetingEvidenceRecorder.Core.Tests", "tests\MeetingEvidenceRecorder.Core.Tests\MeetingEvidenceRecorder.Core.Tests.csproj", "{53198A6E-DA56-4E60-94C6-DC8060A19E2A}"
EndProject
Project("{FAE04EC0-301F-11D3-BF4B-00C04F79EFBC}") = "MeetingEvidenceRecorder.Infrastructure.Tests", "tests\MeetingEvidenceRecorder.Infrastructure.Tests\MeetingEvidenceRecorder.Infrastructure.Tests.csproj", "{87116407-76D1-4476-9FFA-C66B28EF3079}"
EndProject
Project("{FAE04EC0-301F-11D3-BF4B-00C04F79EFBC}") = "MeetingEvidenceRecorder.Application", "src\MeetingEvidenceRecorder.Application\MeetingEvidenceRecorder.Application.csproj", "{60472241-6C53-42C9-9A35-889BB7D1EE87}"
EndProject
Project("{FAE04EC0-301F-11D3-BF4B-00C04F79EFBC}") = "MeetingEvidenceRecorder.Platform.MacOS", "src\MeetingEvidenceRecorder.Platform.MacOS\MeetingEvidenceRecorder.Platform.MacOS.csproj", "{15EFCA34-1746-4FD8-BA45-0351EF5306B2}"
EndProject
Project("{2150E333-8FDC-42A3-9474-1A3956D46DE8}") = "tools", "tools", "{07C2787E-EAC7-C090-1BA3-A61EC2A24D84}"
EndProject
Project("{FAE04EC0-301F-11D3-BF4B-00C04F79EFBC}") = "MeetingEvidenceRecorder.MacSmoke", "tools\MeetingEvidenceRecorder.MacSmoke\MeetingEvidenceRecorder.MacSmoke.csproj", "{D01AC32B-4E51-4748-89A0-BD72B6DBE3F5}"
EndProject
Project("{FAE04EC0-301F-11D3-BF4B-00C04F79EFBC}") = "MeetingEvidenceRecorder.Application.Tests", "tests\MeetingEvidenceRecorder.Application.Tests\MeetingEvidenceRecorder.Application.Tests.csproj", "{5D87DB86-C073-4033-B331-A4122A550581}"
EndProject
Global
	GlobalSection(SolutionConfigurationPlatforms) = preSolution
		Debug|Any CPU = Debug|Any CPU
		Debug|x64 = Debug|x64
		Debug|x86 = Debug|x86
		Release|Any CPU = Release|Any CPU
		Release|x64 = Release|x64
		Release|x86 = Release|x86
	EndGlobalSection
	GlobalSection(ProjectConfigurationPlatforms) = postSolution
		{0C3C7051-8A8E-4F48-A598-F484FC1D3320}.Debug|Any CPU.ActiveCfg = Debug|Any CPU
		{0C3C7051-8A8E-4F48-A598-F484FC1D3320}.Debug|Any CPU.Build.0 = Debug|Any CPU
		{0C3C7051-8A8E-4F48-A598-F484FC1D3320}.Debug|x64.ActiveCfg = Debug|Any CPU
		{0C3C7051-8A8E-4F48-A598-F484FC1D3320}.Debug|x64.Build.0 = Debug|Any CPU
		{0C3C7051-8A8E-4F48-A598-F484FC1D3320}.Debug|x86.ActiveCfg = Debug|Any CPU
		{0C3C7051-8A8E-4F48-A598-F484FC1D3320}.Debug|x86.Build.0 = Debug|Any CPU
		{0C3C7051-8A8E-4F48-A598-F484FC1D3320}.Release|Any CPU.ActiveCfg = Release|Any CPU
		{0C3C7051-8A8E-4F48-A598-F484FC1D3320}.Release|Any CPU.Build.0 = Release|Any CPU
		{0C3C7051-8A8E-4F48-A598-F484FC1D3320}.Release|x64.ActiveCfg = Release|Any CPU
		{0C3C7051-8A8E-4F48-A598-F484FC1D3320}.Release|x64.Build.0 = Release|Any CPU
		{0C3C7051-8A8E-4F48-A598-F484FC1D3320}.Release|x86.ActiveCfg = Release|Any CPU
		{0C3C7051-8A8E-4F48-A598-F484FC1D3320}.Release|x86.Build.0 = Release|Any CPU
		{46693952-84C3-43A9-BE96-4C8A2D30B87F}.Debug|Any CPU.ActiveCfg = Debug|Any CPU
		{46693952-84C3-43A9-BE96-4C8A2D30B87F}.Debug|Any CPU.Build.0 = Debug|Any CPU
		{46693952-84C3-43A9-BE96-4C8A2D30B87F}.Debug|x64.ActiveCfg = Debug|Any CPU
		{46693952-84C3-43A9-BE96-4C8A2D30B87F}.Debug|x64.Build.0 = Debug|Any CPU
		{46693952-84C3-43A9-BE96-4C8A2D30B87F}.Debug|x86.ActiveCfg = Debug|Any CPU
		{46693952-84C3-43A9-BE96-4C8A2D30B87F}.Debug|x86.Build.0 = Debug|Any CPU
		{46693952-84C3-43A9-BE96-4C8A2D30B87F}.Release|Any CPU.ActiveCfg = Release|Any CPU
		{46693952-84C3-43A9-BE96-4C8A2D30B87F}.Release|Any CPU.Build.0 = Release|Any CPU
		{46693952-84C3-43A9-BE96-4C8A2D30B87F}.Release|x64.ActiveCfg = Release|Any CPU
		{46693952-84C3-43A9-BE96-4C8A2D30B87F}.Release|x64.Build.0 = Release|Any CPU
		{46693952-84C3-43A9-BE96-4C8A2D30B87F}.Release|x86.ActiveCfg = Release|Any CPU
		{46693952-84C3-43A9-BE96-4C8A2D30B87F}.Release|x86.Build.0 = Release|Any CPU
		{53198A6E-DA56-4E60-94C6-DC8060A19E2A}.Debug|Any CPU.ActiveCfg = Debug|Any CPU
		{53198A6E-DA56-4E60-94C6-DC8060A19E2A}.Debug|Any CPU.Build.0 = Debug|Any CPU
		{53198A6E-DA56-4E60-94C6-DC8060A19E2A}.Debug|x64.ActiveCfg = Debug|Any CPU
		{53198A6E-DA56-4E60-94C6-DC8060A19E2A}.Debug|x64.Build.0 = Debug|Any CPU
		{53198A6E-DA56-4E60-94C6-DC8060A19E2A}.Debug|x86.ActiveCfg = Debug|Any CPU
		{53198A6E-DA56-4E60-94C6-DC8060A19E2A}.Debug|x86.Build.0 = Debug|Any CPU
		{53198A6E-DA56-4E60-94C6-DC8060A19E2A}.Release|Any CPU.ActiveCfg = Release|Any CPU
		{53198A6E-DA56-4E60-94C6-DC8060A19E2A}.Release|Any CPU.Build.0 = Release|Any CPU
		{53198A6E-DA56-4E60-94C6-DC8060A19E2A}.Release|x64.ActiveCfg = Release|Any CPU
		{53198A6E-DA56-4E60-94C6-DC8060A19E2A}.Release|x64.Build.0 = Release|Any CPU
		{53198A6E-DA56-4E60-94C6-DC8060A19E2A}.Release|x86.ActiveCfg = Release|Any CPU
		{53198A6E-DA56-4E60-94C6-DC8060A19E2A}.Release|x86.Build.0 = Release|Any CPU
		{87116407-76D1-4476-9FFA-C66B28EF3079}.Debug|Any CPU.ActiveCfg = Debug|Any CPU
		{87116407-76D1-4476-9FFA-C66B28EF3079}.Debug|Any CPU.Build.0 = Debug|Any CPU
		{87116407-76D1-4476-9FFA-C66B28EF3079}.Debug|x64.ActiveCfg = Debug|Any CPU
		{87116407-76D1-4476-9FFA-C66B28EF3079}.Debug|x64.Build.0 = Debug|Any CPU
		{87116407-76D1-4476-9FFA-C66B28EF3079}.Debug|x86.ActiveCfg = Debug|Any CPU
		{87116407-76D1-4476-9FFA-C66B28EF3079}.Debug|x86.Build.0 = Debug|Any CPU
		{87116407-76D1-4476-9FFA-C66B28EF3079}.Release|Any CPU.ActiveCfg = Release|Any CPU
		{87116407-76D1-4476-9FFA-C66B28EF3079}.Release|Any CPU.Build.0 = Release|Any CPU
		{87116407-76D1-4476-9FFA-C66B28EF3079}.Release|x64.ActiveCfg = Release|Any CPU
		{87116407-76D1-4476-9FFA-C66B28EF3079}.Release|x64.Build.0 = Release|Any CPU
		{87116407-76D1-4476-9FFA-C66B28EF3079}.Release|x86.ActiveCfg = Release|Any CPU
		{87116407-76D1-4476-9FFA-C66B28EF3079}.Release|x86.Build.0 = Release|Any CPU
		{60472241-6C53-42C9-9A35-889BB7D1EE87}.Debug|Any CPU.ActiveCfg = Debug|Any CPU
		{60472241-6C53-42C9-9A35-889BB7D1EE87}.Debug|Any CPU.Build.0 = Debug|Any CPU
		{60472241-6C53-42C9-9A35-889BB7D1EE87}.Debug|x64.ActiveCfg = Debug|Any CPU
		{60472241-6C53-42C9-9A35-889BB7D1EE87}.Debug|x64.Build.0 = Debug|Any CPU
		{60472241-6C53-42C9-9A35-889BB7D1EE87}.Debug|x86.ActiveCfg = Debug|Any CPU
		{60472241-6C53-42C9-9A35-889BB7D1EE87}.Debug|x86.Build.0 = Debug|Any CPU
		{60472241-6C53-42C9-9A35-889BB7D1EE87}.Release|Any CPU.ActiveCfg = Release|Any CPU
		{60472241-6C53-42C9-9A35-889BB7D1EE87}.Release|Any CPU.Build.0 = Release|Any CPU
		{60472241-6C53-42C9-9A35-889BB7D1EE87}.Release|x64.ActiveCfg = Release|Any CPU
		{60472241-6C53-42C9-9A35-889BB7D1EE87}.Release|x64.Build.0 = Release|Any CPU
		{60472241-6C53-42C9-9A35-889BB7D1EE87}.Release|x86.ActiveCfg = Release|Any CPU
		{60472241-6C53-42C9-9A35-889BB7D1EE87}.Release|x86.Build.0 = Release|Any CPU
		{15EFCA34-1746-4FD8-BA45-0351EF5306B2}.Debug|Any CPU.ActiveCfg = Debug|Any CPU
		{15EFCA34-1746-4FD8-BA45-0351EF5306B2}.Debug|Any CPU.Build.0 = Debug|Any CPU
		{15EFCA34-1746-4FD8-BA45-0351EF5306B2}.Debug|x64.ActiveCfg = Debug|Any CPU
		{15EFCA34-1746-4FD8-BA45-0351EF5306B2}.Debug|x64.Build.0 = Debug|Any CPU
		{15EFCA34-1746-4FD8-BA45-0351EF5306B2}.Debug|x86.ActiveCfg = Debug|Any CPU
		{15EFCA34-1746-4FD8-BA45-0351EF5306B2}.Debug|x86.Build.0 = Debug|Any CPU
		{15EFCA34-1746-4FD8-BA45-0351EF5306B2}.Release|Any CPU.ActiveCfg = Release|Any CPU
		{15EFCA34-1746-4FD8-BA45-0351EF5306B2}.Release|Any CPU.Build.0 = Release|Any CPU
		{15EFCA34-1746-4FD8-BA45-0351EF5306B2}.Release|x64.ActiveCfg = Release|Any CPU
		{15EFCA34-1746-4FD8-BA45-0351EF5306B2}.Release|x64.Build.0 = Release|Any CPU
		{15EFCA34-1746-4FD8-BA45-0351EF5306B2}.Release|x86.ActiveCfg = Release|Any CPU
		{15EFCA34-1746-4FD8-BA45-0351EF5306B2}.Release|x86.Build.0 = Release|Any CPU
		{D01AC32B-4E51-4748-89A0-BD72B6DBE3F5}.Debug|Any CPU.ActiveCfg = Debug|Any CPU
		{D01AC32B-4E51-4748-89A0-BD72B6DBE3F5}.Debug|Any CPU.Build.0 = Debug|Any CPU
		{D01AC32B-4E51-4748-89A0-BD72B6DBE3F5}.Debug|x64.ActiveCfg = Debug|Any CPU
		{D01AC32B-4E51-4748-89A0-BD72B6DBE3F5}.Debug|x64.Build.0 = Debug|Any CPU
		{D01AC32B-4E51-4748-89A0-BD72B6DBE3F5}.Debug|x86.ActiveCfg = Debug|Any CPU
		{D01AC32B-4E51-4748-89A0-BD72B6DBE3F5}.Debug|x86.Build.0 = Debug|Any CPU
		{D01AC32B-4E51-4748-89A0-BD72B6DBE3F5}.Release|Any CPU.ActiveCfg = Release|Any CPU
		{D01AC32B-4E51-4748-89A0-BD72B6DBE3F5}.Release|Any CPU.Build.0 = Release|Any CPU
		{D01AC32B-4E51-4748-89A0-BD72B6DBE3F5}.Release|x64.ActiveCfg = Release|Any CPU
		{D01AC32B-4E51-4748-89A0-BD72B6DBE3F5}.Release|x64.Build.0 = Release|Any CPU
		{D01AC32B-4E51-4748-89A0-BD72B6DBE3F5}.Release|x86.ActiveCfg = Release|Any CPU
		{D01AC32B-4E51-4748-89A0-BD72B6DBE3F5}.Release|x86.Build.0 = Release|Any CPU
		{5D87DB86-C073-4033-B331-A4122A550581}.Debug|Any CPU.ActiveCfg = Debug|Any CPU
		{5D87DB86-C073-4033-B331-A4122A550581}.Debug|Any CPU.Build.0 = Debug|Any CPU
		{5D87DB86-C073-4033-B331-A4122A550581}.Debug|x64.ActiveCfg = Debug|Any CPU
		{5D87DB86-C073-4033-B331-A4122A550581}.Debug|x64.Build.0 = Debug|Any CPU
		{5D87DB86-C073-4033-B331-A4122A550581}.Debug|x86.ActiveCfg = Debug|Any CPU
		{5D87DB86-C073-4033-B331-A4122A550581}.Debug|x86.Build.0 = Debug|Any CPU
		{5D87DB86-C073-4033-B331-A4122A550581}.Release|Any CPU.ActiveCfg = Release|Any CPU
		{5D87DB86-C073-4033-B331-A4122A550581}.Release|Any CPU.Build.0 = Release|Any CPU
		{5D87DB86-C073-4033-B331-A4122A550581}.Release|x64.ActiveCfg = Release|Any CPU
		{5D87DB86-C073-4033-B331-A4122A550581}.Release|x64.Build.0 = Release|Any CPU
		{5D87DB86-C073-4033-B331-A4122A550581}.Release|x86.ActiveCfg = Release|Any CPU
		{5D87DB86-C073-4033-B331-A4122A550581}.Release|x86.Build.0 = Release|Any CPU
	EndGlobalSection
	GlobalSection(SolutionProperties) = preSolution
		HideSolutionNode = FALSE
	EndGlobalSection
	GlobalSection(NestedProjects) = preSolution
		{0C3C7051-8A8E-4F48-A598-F484FC1D3320} = {827E0CD3-B72D-47B6-A68D-7590B98EB39B}
		{46693952-84C3-43A9-BE96-4C8A2D30B87F} = {827E0CD3-B72D-47B6-A68D-7590B98EB39B}
		{53198A6E-DA56-4E60-94C6-DC8060A19E2A} = {0AB3BF05-4346-4AA6-1389-037BE0695223}
		{87116407-76D1-4476-9FFA-C66B28EF3079} = {0AB3BF05-4346-4AA6-1389-037BE0695223}
		{60472241-6C53-42C9-9A35-889BB7D1EE87} = {827E0CD3-B72D-47B6-A68D-7590B98EB39B}
		{15EFCA34-1746-4FD8-BA45-0351EF5306B2} = {827E0CD3-B72D-47B6-A68D-7590B98EB39B}
		{D01AC32B-4E51-4748-89A0-BD72B6DBE3F5} = {07C2787E-EAC7-C090-1BA3-A61EC2A24D84}
		{5D87DB86-C073-4033-B331-A4122A550581} = {0AB3BF05-4346-4AA6-1389-037BE0695223}
	EndGlobalSection
EndGlobal
